// !$*UTF8*$!
{
	archiveVersion = 1;
	classes = {
	};
	objectVersion = 56;
	objects = {

/* Begin PBXBuildFile section */
		A303C1B82ABDA6D3007AC1A3 /* AppDelegate.swift in Sources */ = {isa = PBXBuildFile; fileRef = A303C1B72ABDA6D3007AC1A3 /* AppDelegate.swift */; };
		A303C1BA2ABDA6D3007AC1A3 /* SceneDelegate.swift in Sources */ = {isa = PBXBuildFile; fileRef = A303C1B92ABDA6D3007AC1A3 /* SceneDelegate.swift */; };
		A303C1C12ABDA6D3007AC1A3 /* Assets.xcassets in Resources */ = {isa = PBXBuildFile; fileRef = A303C1C02ABDA6D3007AC1A3 /* Assets.xcassets */; };
		A303C1C42ABDA6D3007AC1A3 /* LaunchScreen.storyboard in Resources */ = {isa = PBXBuildFile; fileRef = A303C1C22ABDA6D3007AC1A3 /* LaunchScreen.storyboard */; };
		A303C1CF2ABDA6D4007AC1A3 /* DragonBallHeroesTests.swift in Sources */ = {isa = PBXBuildFile; fileRef = A303C1CE2ABDA6D4007AC1A3 /* DragonBallHeroesTests.swift */; };
		A303C1D92ABDA6D4007AC1A3 /* DragonBallHeroesUITests.swift in Sources */ = {isa = PBXBuildFile; fileRef = A303C1D82ABDA6D4007AC1A3 /* DragonBallHeroesUITests.swift */; };
		A303C1DB2ABDA6D4007AC1A3 /* DragonBallHeroesUITestsLaunchTests.swift in Sources */ = {isa = PBXBuildFile; fileRef = A303C1DA2ABDA6D4007AC1A3 /* DragonBallHeroesUITestsLaunchTests.swift */; };
		A38123EF2AC1FE69001DA6B3 /* DetailTransformationViewController.swift in Sources */ = {isa = PBXBuildFile; fileRef = A38123ED2AC1FE69001DA6B3 /* DetailTransformationViewController.swift */; };
		A38123F02AC1FE69001DA6B3 /* DetailTransformationViewController.xib in Resources */ = {isa = PBXBuildFile; fileRef = A38123EE2AC1FE69001DA6B3 /* DetailTransformationViewController.xib */; };
		A3DB14582ABDB1CA008BF3A8 /* LoginViewController.swift in Sources */ = {isa = PBXBuildFile; fileRef = A3DB14562ABDB1CA008BF3A8 /* LoginViewController.swift */; };
		A3DB14592ABDB1CA008BF3A8 /* LoginViewController.xib in Resources */ = {isa = PBXBuildFile; fileRef = A3DB14572ABDB1CA008BF3A8 /* LoginViewController.xib */; };
		A3DB145C2ABDDB1F008BF3A8 /* NetworkManager.swift in Sources */ = {isa = PBXBuildFile; fileRef = A3DB145B2ABDDB1F008BF3A8 /* NetworkManager.swift */; };
		A3DB14652ABDF1D8008BF3A8 /* ListHeroesTableViewController.swift in Sources */ = {isa = PBXBuildFile; fileRef = A3DB14632ABDF1D8008BF3A8 /* ListHeroesTableViewController.swift */; };
		A3DB14662ABDF1D8008BF3A8 /* ListHeroesTableViewController.xib in Resources */ = {isa = PBXBuildFile; fileRef = A3DB14642ABDF1D8008BF3A8 /* ListHeroesTableViewController.xib */; };
		A3DB14682ABDF64B008BF3A8 /* LocalDataManager.swift in Sources */ = {isa = PBXBuildFile; fileRef = A3DB14672ABDF64B008BF3A8 /* LocalDataManager.swift */; };
		A3DB14712ABDFF9B008BF3A8 /* TableViewCell.swift in Sources */ = {isa = PBXBuildFile; fileRef = A3DB146F2ABDFF9B008BF3A8 /* TableViewCell.swift */; };
		A3DB14722ABDFF9B008BF3A8 /* TableViewCell.xib in Resources */ = {isa = PBXBuildFile; fileRef = A3DB14702ABDFF9B008BF3A8 /* TableViewCell.xib */; };
		A3DB14742ABE0599008BF3A8 /* Heroe.swift in Sources */ = {isa = PBXBuildFile; fileRef = A3DB14732ABE0599008BF3A8 /* Heroe.swift */; };
		A3DB5C612AC0438F00098BCF /* ImageView.swift in Sources */ = {isa = PBXBuildFile; fileRef = A3DB5C602AC0438F00098BCF /* ImageView.swift */; };
		A3DB5C682AC0463800098BCF /* DetailViewController.swift in Sources */ = {isa = PBXBuildFile; fileRef = A3DB5C662AC0463800098BCF /* DetailViewController.swift */; };
		A3DB5C692AC0463800098BCF /* DetailViewController.xib in Resources */ = {isa = PBXBuildFile; fileRef = A3DB5C672AC0463800098BCF /* DetailViewController.xib */; };
		A3DB5C6C2AC050A000098BCF /* HomeTabBarController.swift in Sources */ = {isa = PBXBuildFile; fileRef = A3DB5C6B2AC050A000098BCF /* HomeTabBarController.swift */; };
		A3DB5C732AC0585300098BCF /* TransformationsViewController.swift in Sources */ = {isa = PBXBuildFile; fileRef = A3DB5C712AC0585300098BCF /* TransformationsViewController.swift */; };
		A3DB5C742AC0585300098BCF /* TransformationsViewController.xib in Resources */ = {isa = PBXBuildFile; fileRef = A3DB5C722AC0585300098BCF /* TransformationsViewController.xib */; };
		A3DB5C762AC058EE00098BCF /* Transformations.swift in Sources */ = {isa = PBXBuildFile; fileRef = A3DB5C752AC058EE00098BCF /* Transformations.swift */; };
/* End PBXBuildFile section */

/* Begin PBXContainerItemProxy section */
		A303C1CB2ABDA6D4007AC1A3 /* PBXContainerItemProxy */ = {
			isa = PBXContainerItemProxy;
			containerPortal = A303C1AC2ABDA6D3007AC1A3 /* Project object */;
			proxyType = 1;
			remoteGlobalIDString = A303C1B32ABDA6D3007AC1A3;
			remoteInfo = DragonBallHeroes;
		};
		A303C1D52ABDA6D4007AC1A3 /* PBXContainerItemProxy */ = {
			isa = PBXContainerItemProxy;
			containerPortal = A303C1AC2ABDA6D3007AC1A3 /* Project object */;
			proxyType = 1;
			remoteGlobalIDString = A303C1B32ABDA6D3007AC1A3;
			remoteInfo = DragonBallHeroes;
		};
/* End PBXContainerItemProxy section */

/* Begin PBXFileReference section */
		A303C1B42ABDA6D3007AC1A3 /* DragonBallHeroes.app */ = {isa = PBXFileReference; explicitFileType = wrapper.application; includeInIndex = 0; path = DragonBallHeroes.app; sourceTree = BUILT_PRODUCTS_DIR; };
		A303C1B72ABDA6D3007AC1A3 /* AppDelegate.swift */ = {isa = PBXFileReference; lastKnownFileType = sourcecode.swift; path = AppDelegate.swift; sourceTree = "<group>"; };
		A303C1B92ABDA6D3007AC1A3 /* SceneDelegate.swift */ = {isa = PBXFileReference; lastKnownFileType = sourcecode.swift; path = SceneDelegate.swift; sourceTree = "<group>"; };
		A303C1C02ABDA6D3007AC1A3 /* Assets.xcassets */ = {isa = PBXFileReference; lastKnownFileType = folder.assetcatalog; path = Assets.xcassets; sourceTree = "<group>"; };
		A303C1C32ABDA6D3007AC1A3 /* Base */ = {isa = PBXFileReference; lastKnownFileType = file.storyboard; name = Base; path = Base.lproj/LaunchScreen.storyboard; sourceTree = "<group>"; };
		A303C1C52ABDA6D3007AC1A3 /* Info.plist */ = {isa = PBXFileReference; lastKnownFileType = text.plist.xml; path = Info.plist; sourceTree = "<group>"; };
		A303C1CA2ABDA6D4007AC1A3 /* DragonBallHeroesTests.xctest */ = {isa = PBXFileReference; explicitFileType = wrapper.cfbundle; includeInIndex = 0; path = DragonBallHeroesTests.xctest; sourceTree = BUILT_PRODUCTS_DIR; };
		A303C1CE2ABDA6D4007AC1A3 /* DragonBallHeroesTests.swift */ = {isa = PBXFileReference; lastKnownFileType = sourcecode.swift; path = DragonBallHeroesTests.swift; sourceTree = "<group>"; };
		A303C1D42ABDA6D4007AC1A3 /* DragonBallHeroesUITests.xctest */ = {isa = PBXFileReference; explicitFileType = wrapper.cfbundle; includeInIndex = 0; path = DragonBallHeroesUITests.xctest; sourceTree = BUILT_PRODUCTS_DIR; };
		A303C1D82ABDA6D4007AC1A3 /* DragonBallHeroesUITests.swift */ = {isa = PBXFileReference; lastKnownFileType = sourcecode.swift; path = DragonBallHeroesUITests.swift; sourceTree = "<group>"; };
		A303C1DA2ABDA6D4007AC1A3 /* DragonBallHeroesUITestsLaunchTests.swift */ = {isa = PBXFileReference; lastKnownFileType = sourcecode.swift; path = DragonBallHeroesUITestsLaunchTests.swift; sourceTree = "<group>"; };
		A38123ED2AC1FE69001DA6B3 /* DetailTransformationViewController.swift */ = {isa = PBXFileReference; lastKnownFileType = sourcecode.swift; path = DetailTransformationViewController.swift; sourceTree = "<group>"; };
		A38123EE2AC1FE69001DA6B3 /* DetailTransformationViewController.xib */ = {isa = PBXFileReference; lastKnownFileType = file.xib; path = DetailTransformationViewController.xib; sourceTree = "<group>"; };
		A3DB14562ABDB1CA008BF3A8 /* LoginViewController.swift */ = {isa = PBXFileReference; lastKnownFileType = sourcecode.swift; path = LoginViewController.swift; sourceTree = "<group>"; };
		A3DB14572ABDB1CA008BF3A8 /* LoginViewController.xib */ = {isa = PBXFileReference; lastKnownFileType = file.xib; path = LoginViewController.xib; sourceTree = "<group>"; };
		A3DB145B2ABDDB1F008BF3A8 /* NetworkManager.swift */ = {isa = PBXFileReference; lastKnownFileType = sourcecode.swift; path = NetworkManager.swift; sourceTree = "<group>"; };
		A3DB14632ABDF1D8008BF3A8 /* ListHeroesTableViewController.swift */ = {isa = PBXFileReference; lastKnownFileType = sourcecode.swift; path = ListHeroesTableViewController.swift; sourceTree = "<group>"; };
		A3DB14642ABDF1D8008BF3A8 /* ListHeroesTableViewController.xib */ = {isa = PBXFileReference; lastKnownFileType = file.xib; path = ListHeroesTableViewController.xib; sourceTree = "<group>"; };
		A3DB14672ABDF64B008BF3A8 /* LocalDataManager.swift */ = {isa = PBXFileReference; lastKnownFileType = sourcecode.swift; path = LocalDataManager.swift; sourceTree = "<group>"; };
		A3DB146F2ABDFF9B008BF3A8 /* TableViewCell.swift */ = {isa = PBXFileReference; lastKnownFileType = sourcecode.swift; path = TableViewCell.swift; sourceTree = "<group>"; };
		A3DB14702ABDFF9B008BF3A8 /* TableViewCell.xib */ = {isa = PBXFileReference; lastKnownFileType = file.xib; path = TableViewCell.xib; sourceTree = "<group>"; };
		A3DB14732ABE0599008BF3A8 /* Heroe.swift */ = {isa = PBXFileReference; lastKnownFileType = sourcecode.swift; path = Heroe.swift; sourceTree = "<group>"; };
		A3DB5C602AC0438F00098BCF /* ImageView.swift */ = {isa = PBXFileReference; lastKnownFileType = sourcecode.swift; path = ImageView.swift; sourceTree = "<group>"; };
		A3DB5C662AC0463800098BCF /* DetailViewController.swift */ = {isa = PBXFileReference; lastKnownFileType = sourcecode.swift; path = DetailViewController.swift; sourceTree = "<group>"; };
		A3DB5C672AC0463800098BCF /* DetailViewController.xib */ = {isa = PBXFileReference; lastKnownFileType = file.xib; path = DetailViewController.xib; sourceTree = "<group>"; };
		A3DB5C6B2AC050A000098BCF /* HomeTabBarController.swift */ = {isa = PBXFileReference; lastKnownFileType = sourcecode.swift; path = HomeTabBarController.swift; sourceTree = "<group>"; };
		A3DB5C712AC0585300098BCF /* TransformationsViewController.swift */ = {isa = PBXFileReference; lastKnownFileType = sourcecode.swift; path = TransformationsViewController.swift; sourceTree = "<group>"; };
		A3DB5C722AC0585300098BCF /* TransformationsViewController.xib */ = {isa = PBXFileReference; lastKnownFileType = file.xib; path = TransformationsViewController.xib; sourceTree = "<group>"; };
		A3DB5C752AC058EE00098BCF /* Transformations.swift */ = {isa = PBXFileReference; lastKnownFileType = sourcecode.swift; path = Transformations.swift; sourceTree = "<group>"; };
/* End PBXFileReference section */

/* Begin PBXFrameworksBuildPhase section */
		A303C1B12ABDA6D3007AC1A3 /* Frameworks */ = {
			isa = PBXFrameworksBuildPhase;
			buildActionMask = 2147483647;
			files = (
			);
			runOnlyForDeploymentPostprocessing = 0;
		};
		A303C1C72ABDA6D4007AC1A3 /* Frameworks */ = {
			isa = PBXFrameworksBuildPhase;
			buildActionMask = 2147483647;
			files = (
			);
			runOnlyForDeploymentPostprocessing = 0;
		};
		A303C1D12ABDA6D4007AC1A3 /* Frameworks */ = {
			isa = PBXFrameworksBuildPhase;
			buildActionMask = 2147483647;
			files = (
			);
			runOnlyForDeploymentPostprocessing = 0;
		};
/* End PBXFrameworksBuildPhase section */

/* Begin PBXGroup section */
		A303C1AB2ABDA6D3007AC1A3 = {
			isa = PBXGroup;
			children = (
				A303C1B62ABDA6D3007AC1A3 /* DragonBallHeroes */,
				A303C1CD2ABDA6D4007AC1A3 /* DragonBallHeroesTests */,
				A303C1D72ABDA6D4007AC1A3 /* DragonBallHeroesUITests */,
				A303C1B52ABDA6D3007AC1A3 /* Products */,
			);
			sourceTree = "<group>";
		};
		A303C1B52ABDA6D3007AC1A3 /* Products */ = {
			isa = PBXGroup;
			children = (
				A303C1B42ABDA6D3007AC1A3 /* DragonBallHeroes.app */,
				A303C1CA2ABDA6D4007AC1A3 /* DragonBallHeroesTests.xctest */,
				A303C1D42ABDA6D4007AC1A3 /* DragonBallHeroesUITests.xctest */,
			);
			name = Products;
			sourceTree = "<group>";
		};
		A303C1B62ABDA6D3007AC1A3 /* DragonBallHeroes */ = {
			isa = PBXGroup;
			children = (
				A3DB5C5F2AC0437700098BCF /* Extension */,
				A3DB145A2ABDDAFB008BF3A8 /* Manager */,
				A303C1E82ABDA85F007AC1A3 /* UI */,
				A303C1E72ABDA772007AC1A3 /* App */,
				A303C1C02ABDA6D3007AC1A3 /* Assets.xcassets */,
				A303C1C22ABDA6D3007AC1A3 /* LaunchScreen.storyboard */,
				A303C1C52ABDA6D3007AC1A3 /* Info.plist */,
			);
			path = DragonBallHeroes;
			sourceTree = "<group>";
		};
		A303C1CD2ABDA6D4007AC1A3 /* DragonBallHeroesTests */ = {
			isa = PBXGroup;
			children = (
				A303C1CE2ABDA6D4007AC1A3 /* DragonBallHeroesTests.swift */,
			);
			path = DragonBallHeroesTests;
			sourceTree = "<group>";
		};
		A303C1D72ABDA6D4007AC1A3 /* DragonBallHeroesUITests */ = {
			isa = PBXGroup;
			children = (
				A303C1D82ABDA6D4007AC1A3 /* DragonBallHeroesUITests.swift */,
				A303C1DA2ABDA6D4007AC1A3 /* DragonBallHeroesUITestsLaunchTests.swift */,
			);
			path = DragonBallHeroesUITests;
			sourceTree = "<group>";
		};
		A303C1E72ABDA772007AC1A3 /* App */ = {
			isa = PBXGroup;
			children = (
				A303C1B72ABDA6D3007AC1A3 /* AppDelegate.swift */,
				A303C1B92ABDA6D3007AC1A3 /* SceneDelegate.swift */,
			);
			path = App;
			sourceTree = "<group>";
		};
		A303C1E82ABDA85F007AC1A3 /* UI */ = {
			isa = PBXGroup;
			children = (
				A38123EA2AC1FE11001DA6B3 /* DetailTransformationView */,
				A3DB5C6D2AC057F800098BCF /* Transformations */,
				A3DB5C6A2AC0503C00098BCF /* HomeTabBar */,
				A3DB5C622AC045BF00098BCF /* DetailView */,
				A3DB146E2ABDFF45008BF3A8 /* TableCell */,
				A3DB145D2ABDF142008BF3A8 /* ListHeroesTableView */,
				A303C1E92ABDA877007AC1A3 /* Login */,
			);
			path = UI;
			sourceTree = "<group>";
		};
		A303C1E92ABDA877007AC1A3 /* Login */ = {
			isa = PBXGroup;
			children = (
				A303C1EA2ABDA882007AC1A3 /* Model */,
				A303C1EB2ABDA897007AC1A3 /* View */,
				A303C1EC2ABDA89C007AC1A3 /* Controller */,
			);
			path = Login;
			sourceTree = "<group>";
		};
		A303C1EA2ABDA882007AC1A3 /* Model */ = {
			isa = PBXGroup;
			children = (
			);
			path = Model;
			sourceTree = "<group>";
		};
		A303C1EB2ABDA897007AC1A3 /* View */ = {
			isa = PBXGroup;
			children = (
				A3DB14572ABDB1CA008BF3A8 /* LoginViewController.xib */,
			);
			path = View;
			sourceTree = "<group>";
		};
		A303C1EC2ABDA89C007AC1A3 /* Controller */ = {
			isa = PBXGroup;
			children = (
				A3DB14562ABDB1CA008BF3A8 /* LoginViewController.swift */,
			);
			path = Controller;
			sourceTree = "<group>";
		};
		A351E50F2AC48FBB00188B5D /* Controller */ = {
			isa = PBXGroup;
			children = (
			);
			path = Controller;
			sourceTree = "<group>";
		};
		A351E5102AC48FC100188B5D /* View */ = {
			isa = PBXGroup;
			children = (
				A3DB14702ABDFF9B008BF3A8 /* TableViewCell.xib */,
			);
			path = View;
			sourceTree = "<group>";
		};
		A351E5112AC48FC700188B5D /* Model */ = {
			isa = PBXGroup;
			children = (
			);
			path = Model;
			sourceTree = "<group>";
		};
		A38123EA2AC1FE11001DA6B3 /* DetailTransformationView */ = {
			isa = PBXGroup;
			children = (
				A38123EC2AC1FE42001DA6B3 /* View */,
				A38123EB2AC1FE3A001DA6B3 /* Controller */,
			);
			path = DetailTransformationView;
			sourceTree = "<group>";
		};
		A38123EB2AC1FE3A001DA6B3 /* Controller */ = {
			isa = PBXGroup;
			children = (
				A38123ED2AC1FE69001DA6B3 /* DetailTransformationViewController.swift */,
			);
			path = Controller;
			sourceTree = "<group>";
		};
		A38123EC2AC1FE42001DA6B3 /* View */ = {
			isa = PBXGroup;
			children = (
				A38123EE2AC1FE69001DA6B3 /* DetailTransformationViewController.xib */,
			);
			path = View;
			sourceTree = "<group>";
		};
		A3DB145A2ABDDAFB008BF3A8 /* Manager */ = {
			isa = PBXGroup;
			children = (
				A3DB145B2ABDDB1F008BF3A8 /* NetworkManager.swift */,
				A3DB14672ABDF64B008BF3A8 /* LocalDataManager.swift */,
			);
			path = Manager;
			sourceTree = "<group>";
		};
		A3DB145D2ABDF142008BF3A8 /* ListHeroesTableView */ = {
			isa = PBXGroup;
			children = (
				A3DB14602ABDF16F008BF3A8 /* Model */,
				A3DB145F2ABDF169008BF3A8 /* View */,
				A3DB145E2ABDF162008BF3A8 /* Controller */,
			);
			path = ListHeroesTableView;
			sourceTree = "<group>";
		};
		A3DB145E2ABDF162008BF3A8 /* Controller */ = {
			isa = PBXGroup;
			children = (
				A3DB14632ABDF1D8008BF3A8 /* ListHeroesTableViewController.swift */,
			);
			path = Controller;
			sourceTree = "<group>";
		};
		A3DB145F2ABDF169008BF3A8 /* View */ = {
			isa = PBXGroup;
			children = (
				A3DB14642ABDF1D8008BF3A8 /* ListHeroesTableViewController.xib */,
			);
			path = View;
			sourceTree = "<group>";
		};
		A3DB14602ABDF16F008BF3A8 /* Model */ = {
			isa = PBXGroup;
			children = (
				A3DB14732ABE0599008BF3A8 /* Heroe.swift */,
			);
			path = Model;
			sourceTree = "<group>";
		};
		A3DB146E2ABDFF45008BF3A8 /* TableCell */ = {
			isa = PBXGroup;
			children = (
				A351E5112AC48FC700188B5D /* Model */,
				A351E5102AC48FC100188B5D /* View */,
				A351E50F2AC48FBB00188B5D /* Controller */,
				A3DB146F2ABDFF9B008BF3A8 /* TableViewCell.swift */,
			);
			path = TableCell;
			sourceTree = "<group>";
		};
		A3DB5C5F2AC0437700098BCF /* Extension */ = {
			isa = PBXGroup;
			children = (
				A3DB5C602AC0438F00098BCF /* ImageView.swift */,
			);
			path = Extension;
			sourceTree = "<group>";
		};
		A3DB5C622AC045BF00098BCF /* DetailView */ = {
			isa = PBXGroup;
			children = (
				A3DB5C652AC045F100098BCF /* Model */,
				A3DB5C642AC045E700098BCF /* View */,
				A3DB5C632AC045DC00098BCF /* Controller */,
			);
			path = DetailView;
			sourceTree = "<group>";
		};
		A3DB5C632AC045DC00098BCF /* Controller */ = {
			isa = PBXGroup;
			children = (
				A3DB5C662AC0463800098BCF /* DetailViewController.swift */,
			);
			path = Controller;
			sourceTree = "<group>";
		};
		A3DB5C642AC045E700098BCF /* View */ = {
			isa = PBXGroup;
			children = (
				A3DB5C672AC0463800098BCF /* DetailViewController.xib */,
			);
			path = View;
			sourceTree = "<group>";
		};
		A3DB5C652AC045F100098BCF /* Model */ = {
			isa = PBXGroup;
			children = (
			);
			path = Model;
			sourceTree = "<group>";
		};
		A3DB5C6A2AC0503C00098BCF /* HomeTabBar */ = {
			isa = PBXGroup;
			children = (
				A3DB5C6B2AC050A000098BCF /* HomeTabBarController.swift */,
			);
			path = HomeTabBar;
			sourceTree = "<group>";
		};
		A3DB5C6D2AC057F800098BCF /* Transformations */ = {
			isa = PBXGroup;
			children = (
				A3DB5C702AC0581B00098BCF /* Model */,
				A3DB5C6F2AC0581300098BCF /* View */,
				A3DB5C6E2AC0580C00098BCF /* Controller */,
			);
			path = Transformations;
			sourceTree = "<group>";
		};
		A3DB5C6E2AC0580C00098BCF /* Controller */ = {
			isa = PBXGroup;
			children = (
				A3DB5C712AC0585300098BCF /* TransformationsViewController.swift */,
			);
			path = Controller;
			sourceTree = "<group>";
		};
		A3DB5C6F2AC0581300098BCF /* View */ = {
			isa = PBXGroup;
			children = (
				A3DB5C722AC0585300098BCF /* TransformationsViewController.xib */,
			);
			path = View;
			sourceTree = "<group>";
		};
		A3DB5C702AC0581B00098BCF /* Model */ = {
			isa = PBXGroup;
			children = (
				A3DB5C752AC058EE00098BCF /* Transformations.swift */,
			);
			path = Model;
			sourceTree = "<group>";
		};
/* End PBXGroup section */

/* Begin PBXNativeTarget section */
		A303C1B32ABDA6D3007AC1A3 /* DragonBallHeroes */ = {
			isa = PBXNativeTarget;
			buildConfigurationList = A303C1DE2ABDA6D4007AC1A3 /* Build configuration list for PBXNativeTarget "DragonBallHeroes" */;
			buildPhases = (
				A303C1B02ABDA6D3007AC1A3 /* Sources */,
				A303C1B12ABDA6D3007AC1A3 /* Frameworks */,
				A303C1B22ABDA6D3007AC1A3 /* Resources */,
			);
			buildRules = (
			);
			dependencies = (
			);
			name = DragonBallHeroes;
			productName = DragonBallHeroes;
			productReference = A303C1B42ABDA6D3007AC1A3 /* DragonBallHeroes.app */;
			productType = "com.apple.product-type.application";
		};
		A303C1C92ABDA6D4007AC1A3 /* DragonBallHeroesTests */ = {
			isa = PBXNativeTarget;
			buildConfigurationList = A303C1E12ABDA6D4007AC1A3 /* Build configuration list for PBXNativeTarget "DragonBallHeroesTests" */;
			buildPhases = (
				A303C1C62ABDA6D4007AC1A3 /* Sources */,
				A303C1C72ABDA6D4007AC1A3 /* Frameworks */,
				A303C1C82ABDA6D4007AC1A3 /* Resources */,
			);
			buildRules = (
			);
			dependencies = (
				A303C1CC2ABDA6D4007AC1A3 /* PBXTargetDependency */,
			);
			name = DragonBallHeroesTests;
			productName = DragonBallHeroesTests;
			productReference = A303C1CA2ABDA6D4007AC1A3 /* DragonBallHeroesTests.xctest */;
			productType = "com.apple.product-type.bundle.unit-test";
		};
		A303C1D32ABDA6D4007AC1A3 /* DragonBallHeroesUITests */ = {
			isa = PBXNativeTarget;
			buildConfigurationList = A303C1E42ABDA6D4007AC1A3 /* Build configuration list for PBXNativeTarget "DragonBallHeroesUITests" */;
			buildPhases = (
				A303C1D02ABDA6D4007AC1A3 /* Sources */,
				A303C1D12ABDA6D4007AC1A3 /* Frameworks */,
				A303C1D22ABDA6D4007AC1A3 /* Resources */,
			);
			buildRules = (
			);
			dependencies = (
				A303C1D62ABDA6D4007AC1A3 /* PBXTargetDependency */,
			);
			name = DragonBallHeroesUITests;
			productName = DragonBallHeroesUITests;
			productReference = A303C1D42ABDA6D4007AC1A3 /* DragonBallHeroesUITests.xctest */;
			productType = "com.apple.product-type.bundle.ui-testing";
		};
/* End PBXNativeTarget section */

/* Begin PBXProject section */
		A303C1AC2ABDA6D3007AC1A3 /* Project object */ = {
			isa = PBXProject;
			attributes = {
				BuildIndependentTargetsInParallel = 1;
				LastSwiftUpdateCheck = 1430;
				LastUpgradeCheck = 1500;
				TargetAttributes = {
					A303C1B32ABDA6D3007AC1A3 = {
						CreatedOnToolsVersion = 14.3.1;
					};
					A303C1C92ABDA6D4007AC1A3 = {
						CreatedOnToolsVersion = 14.3.1;
						TestTargetID = A303C1B32ABDA6D3007AC1A3;
					};
					A303C1D32ABDA6D4007AC1A3 = {
						CreatedOnToolsVersion = 14.3.1;
						TestTargetID = A303C1B32ABDA6D3007AC1A3;
					};
				};
			};
			buildConfigurationList = A303C1AF2ABDA6D3007AC1A3 /* Build configuration list for PBXProject "DragonBallHeroes" */;
			compatibilityVersion = "Xcode 14.0";
			developmentRegion = en;
			hasScannedForEncodings = 0;
			knownRegions = (
				en,
				Base,
			);
			mainGroup = A303C1AB2ABDA6D3007AC1A3;
			productRefGroup = A303C1B52ABDA6D3007AC1A3 /* Products */;
			projectDirPath = "";
			projectRoot = "";
			targets = (
				A303C1B32ABDA6D3007AC1A3 /* DragonBallHeroes */,
				A303C1C92ABDA6D4007AC1A3 /* DragonBallHeroesTests */,
				A303C1D32ABDA6D4007AC1A3 /* DragonBallHeroesUITests */,
			);
		};
/* End PBXProject section */

/* Begin PBXResourcesBuildPhase section */
		A303C1B22ABDA6D3007AC1A3 /* Resources */ = {
			isa = PBXResourcesBuildPhase;
			buildActionMask = 2147483647;
			files = (
				A38123F02AC1FE69001DA6B3 /* DetailTransformationViewController.xib in Resources */,
				A303C1C42ABDA6D3007AC1A3 /* LaunchScreen.storyboard in Resources */,
				A3DB5C692AC0463800098BCF /* DetailViewController.xib in Resources */,
				A3DB14722ABDFF9B008BF3A8 /* TableViewCell.xib in Resources */,
				A3DB14662ABDF1D8008BF3A8 /* ListHeroesTableViewController.xib in Resources */,
				A303C1C12ABDA6D3007AC1A3 /* Assets.xcassets in Resources */,
				A3DB5C742AC0585300098BCF /* TransformationsViewController.xib in Resources */,
				A3DB14592ABDB1CA008BF3A8 /* LoginViewController.xib in Resources */,
			);
			runOnlyForDeploymentPostprocessing = 0;
		};
		A303C1C82ABDA6D4007AC1A3 /* Resources */ = {
			isa = PBXResourcesBuildPhase;
			buildActionMask = 2147483647;
			files = (
			);
			runOnlyForDeploymentPostprocessing = 0;
		};
		A303C1D22ABDA6D4007AC1A3 /* Resources */ = {
			isa = PBXResourcesBuildPhase;
			buildActionMask = 2147483647;
			files = (
			);
			runOnlyForDeploymentPostprocessing = 0;
		};
/* End PBXResourcesBuildPhase section */

/* Begin PBXSourcesBuildPhase section */
		A303C1B02ABDA6D3007AC1A3 /* Sources */ = {
			isa = PBXSourcesBuildPhase;
			buildActionMask = 2147483647;
			files = (
				A3DB145C2ABDDB1F008BF3A8 /* NetworkManager.swift in Sources */,
				A3DB14742ABE0599008BF3A8 /* Heroe.swift in Sources */,
				A3DB5C6C2AC050A000098BCF /* HomeTabBarController.swift in Sources */,
				A3DB14582ABDB1CA008BF3A8 /* LoginViewController.swift in Sources */,
				A38123EF2AC1FE69001DA6B3 /* DetailTransformationViewController.swift in Sources */,
				A3DB5C762AC058EE00098BCF /* Transformations.swift in Sources */,
				A3DB14652ABDF1D8008BF3A8 /* ListHeroesTableViewController.swift in Sources */,
				A303C1B82ABDA6D3007AC1A3 /* AppDelegate.swift in Sources */,
				A303C1BA2ABDA6D3007AC1A3 /* SceneDelegate.swift in Sources */,
				A3DB5C612AC0438F00098BCF /* ImageView.swift in Sources */,
				A3DB5C682AC0463800098BCF /* DetailViewController.swift in Sources */,
				A3DB14712ABDFF9B008BF3A8 /* TableViewCell.swift in Sources */,
				A3DB14682ABDF64B008BF3A8 /* LocalDataManager.swift in Sources */,
				A3DB5C732AC0585300098BCF /* TransformationsViewController.swift in Sources */,
			);
			runOnlyForDeploymentPostprocessing = 0;
		};
		A303C1C62ABDA6D4007AC1A3 /* Sources */ = {
			isa = PBXSourcesBuildPhase;
			buildActionMask = 2147483647;
			files = (
				A303C1CF2ABDA6D4007AC1A3 /* DragonBallHeroesTests.swift in Sources */,
			);
			runOnlyForDeploymentPostprocessing = 0;
		};
		A303C1D02ABDA6D4007AC1A3 /* Sources */ = {
			isa = PBXSourcesBuildPhase;
			buildActionMask = 2147483647;
			files = (
				A303C1DB2ABDA6D4007AC1A3 /* DragonBallHeroesUITestsLaunchTests.swift in Sources */,
				A303C1D92ABDA6D4007AC1A3 /* DragonBallHeroesUITests.swift in Sources */,
			);
			runOnlyForDeploymentPostprocessing = 0;
		};
/* End PBXSourcesBuildPhase section */

/* Begin PBXTargetDependency section */
		A303C1CC2ABDA6D4007AC1A3 /* PBXTargetDependency */ = {
			isa = PBXTargetDependency;
			target = A303C1B32ABDA6D3007AC1A3 /* DragonBallHeroes */;
			targetProxy = A303C1CB2ABDA6D4007AC1A3 /* PBXContainerItemProxy */;
		};
		A303C1D62ABDA6D4007AC1A3 /* PBXTargetDependency */ = {
			isa = PBXTargetDependency;
			target = A303C1B32ABDA6D3007AC1A3 /* DragonBallHeroes */;
			targetProxy = A303C1D52ABDA6D4007AC1A3 /* PBXContainerItemProxy */;
		};
/* End PBXTargetDependency section */

/* Begin PBXVariantGroup section */
		A303C1C22ABDA6D3007AC1A3 /* LaunchScreen.storyboard */ = {
			isa = PBXVariantGroup;
			children = (
				A303C1C32ABDA6D3007AC1A3 /* Base */,
			);
			name = LaunchScreen.storyboard;
			sourceTree = "<group>";
		};
/* End PBXVariantGroup section */

/* Begin XCBuildConfiguration section */
		A303C1DC2ABDA6D4007AC1A3 /* Debug */ = {
			isa = XCBuildConfiguration;
			buildSettings = {
				ALWAYS_SEARCH_USER_PATHS = NO;
				CLANG_ANALYZER_NONNULL = YES;
				CLANG_ANALYZER_NUMBER_OBJECT_CONVERSION = YES_AGGRESSIVE;
				CLANG_CXX_LANGUAGE_STANDARD = "gnu++20";
				CLANG_ENABLE_MODULES = YES;
				CLANG_ENABLE_OBJC_ARC = YES;
				CLANG_ENABLE_OBJC_WEAK = YES;
				CLANG_WARN_BLOCK_CAPTURE_AUTORELEASING = YES;
				CLANG_WARN_BOOL_CONVERSION = YES;
				CLANG_WARN_COMMA = YES;
				CLANG_WARN_CONSTANT_CONVERSION = YES;
				CLANG_WARN_DEPRECATED_OBJC_IMPLEMENTATIONS = YES;
				CLANG_WARN_DIRECT_OBJC_ISA_USAGE = YES_ERROR;
				CLANG_WARN_DOCUMENTATION_COMMENTS = YES;
				CLANG_WARN_EMPTY_BODY = YES;
				CLANG_WARN_ENUM_CONVERSION = YES;
				CLANG_WARN_INFINITE_RECURSION = YES;
				CLANG_WARN_INT_CONVERSION = YES;
				CLANG_WARN_NON_LITERAL_NULL_CONVERSION = YES;
				CLANG_WARN_OBJC_IMPLICIT_RETAIN_SELF = YES;
				CLANG_WARN_OBJC_LITERAL_CONVERSION = YES;
				CLANG_WARN_OBJC_ROOT_CLASS = YES_ERROR;
				CLANG_WARN_QUOTED_INCLUDE_IN_FRAMEWORK_HEADER = YES;
				CLANG_WARN_RANGE_LOOP_ANALYSIS = YES;
				CLANG_WARN_STRICT_PROTOTYPES = YES;
				CLANG_WARN_SUSPICIOUS_MOVE = YES;
				CLANG_WARN_UNGUARDED_AVAILABILITY = YES_AGGRESSIVE;
				CLANG_WARN_UNREACHABLE_CODE = YES;
				CLANG_WARN__DUPLICATE_METHOD_MATCH = YES;
				COPY_PHASE_STRIP = NO;
				DEBUG_INFORMATION_FORMAT = dwarf;
				ENABLE_STRICT_OBJC_MSGSEND = YES;
				ENABLE_TESTABILITY = YES;
				ENABLE_USER_SCRIPT_SANDBOXING = YES;
				GCC_C_LANGUAGE_STANDARD = gnu11;
				GCC_DYNAMIC_NO_PIC = NO;
				GCC_NO_COMMON_BLOCKS = YES;
				GCC_OPTIMIZATION_LEVEL = 0;
				GCC_PREPROCESSOR_DEFINITIONS = (
					"DEBUG=1",
					"$(inherited)",
				);
				GCC_WARN_64_TO_32_BIT_CONVERSION = YES;
				GCC_WARN_ABOUT_RETURN_TYPE = YES_ERROR;
				GCC_WARN_UNDECLARED_SELECTOR = YES;
				GCC_WARN_UNINITIALIZED_AUTOS = YES_AGGRESSIVE;
				GCC_WARN_UNUSED_FUNCTION = YES;
				GCC_WARN_UNUSED_VARIABLE = YES;
				IPHONEOS_DEPLOYMENT_TARGET = 16.4;
				MTL_ENABLE_DEBUG_INFO = INCLUDE_SOURCE;
				MTL_FAST_MATH = YES;
				ONLY_ACTIVE_ARCH = YES;
				SDKROOT = iphoneos;
				SWIFT_ACTIVE_COMPILATION_CONDITIONS = DEBUG;
				SWIFT_OPTIMIZATION_LEVEL = "-Onone";
			};
			name = Debug;
		};
		A303C1DD2ABDA6D4007AC1A3 /* Release */ = {
			isa = XCBuildConfiguration;
			buildSettings = {
				ALWAYS_SEARCH_USER_PATHS = NO;
				CLANG_ANALYZER_NONNULL = YES;
				CLANG_ANALYZER_NUMBER_OBJECT_CONVERSION = YES_AGGRESSIVE;
				CLANG_CXX_LANGUAGE_STANDARD = "gnu++20";
				CLANG_ENABLE_MODULES = YES;
				CLANG_ENABLE_OBJC_ARC = YES;
				CLANG_ENABLE_OBJC_WEAK = YES;
				CLANG_WARN_BLOCK_CAPTURE_AUTORELEASING = YES;
				CLANG_WARN_BOOL_CONVERSION = YES;
				CLANG_WARN_COMMA = YES;
				CLANG_WARN_CONSTANT_CONVERSION = YES;
				CLANG_WARN_DEPRECATED_OBJC_IMPLEMENTATIONS = YES;
				CLANG_WARN_DIRECT_OBJC_ISA_USAGE = YES_ERROR;
				CLANG_WARN_DOCUMENTATION_COMMENTS = YES;
				CLANG_WARN_EMPTY_BODY = YES;
				CLANG_WARN_ENUM_CONVERSION = YES;
				CLANG_WARN_INFINITE_RECURSION = YES;
				CLANG_WARN_INT_CONVERSION = YES;
				CLANG_WARN_NON_LITERAL_NULL_CONVERSION = YES;
				CLANG_WARN_OBJC_IMPLICIT_RETAIN_SELF = YES;
				CLANG_WARN_OBJC_LITERAL_CONVERSION = YES;
				CLANG_WARN_OBJC_ROOT_CLASS = YES_ERROR;
				CLANG_WARN_QUOTED_INCLUDE_IN_FRAMEWORK_HEADER = YES;
				CLANG_WARN_RANGE_LOOP_ANALYSIS = YES;
				CLANG_WARN_STRICT_PROTOTYPES = YES;
				CLANG_WARN_SUSPICIOUS_MOVE = YES;
				CLANG_WARN_UNGUARDED_AVAILABILITY = YES_AGGRESSIVE;
				CLANG_WARN_UNREACHABLE_CODE = YES;
				CLANG_WARN__DUPLICATE_METHOD_MATCH = YES;
				COPY_PHASE_STRIP = NO;
				DEBUG_INFORMATION_FORMAT = "dwarf-with-dsym";
				ENABLE_NS_ASSERTIONS = NO;
				ENABLE_STRICT_OBJC_MSGSEND = YES;
				ENABLE_USER_SCRIPT_SANDBOXING = YES;
				GCC_C_LANGUAGE_STANDARD = gnu11;
				GCC_NO_COMMON_BLOCKS = YES;
				GCC_WARN_64_TO_32_BIT_CONVERSION = YES;
				GCC_WARN_ABOUT_RETURN_TYPE = YES_ERROR;
				GCC_WARN_UNDECLARED_SELECTOR = YES;
				GCC_WARN_UNINITIALIZED_AUTOS = YES_AGGRESSIVE;
				GCC_WARN_UNUSED_FUNCTION = YES;
				GCC_WARN_UNUSED_VARIABLE = YES;
				IPHONEOS_DEPLOYMENT_TARGET = 16.4;
				MTL_ENABLE_DEBUG_INFO = NO;
				MTL_FAST_MATH = YES;
				SDKROOT = iphoneos;
				SWIFT_COMPILATION_MODE = wholemodule;
				SWIFT_OPTIMIZATION_LEVEL = "-O";
				VALIDATE_PRODUCT = YES;
			};
			name = Release;
		};
		A303C1DF2ABDA6D4007AC1A3 /* Debug */ = {
			isa = XCBuildConfiguration;
			buildSettings = {
				ASSETCATALOG_COMPILER_APPICON_NAME = AppIcon;
				ASSETCATALOG_COMPILER_GLOBAL_ACCENT_COLOR_NAME = AccentColor;
				CODE_SIGN_STYLE = Automatic;
				CURRENT_PROJECT_VERSION = 1;
				DEVELOPMENT_TEAM = JZ6GNTPXDT;
				GENERATE_INFOPLIST_FILE = YES;
				INFOPLIST_FILE = DragonBallHeroes/Info.plist;
				INFOPLIST_KEY_UIApplicationSupportsIndirectInputEvents = YES;
				INFOPLIST_KEY_UILaunchStoryboardName = LaunchScreen;
				INFOPLIST_KEY_UISupportedInterfaceOrientations_iPad = "UIInterfaceOrientationPortrait UIInterfaceOrientationPortraitUpsideDown UIInterfaceOrientationLandscapeLeft UIInterfaceOrientationLandscapeRight";
				INFOPLIST_KEY_UISupportedInterfaceOrientations_iPhone = "UIInterfaceOrientationPortrait UIInterfaceOrientationLandscapeLeft UIInterfaceOrientationLandscapeRight";
				LD_RUNPATH_SEARCH_PATHS = (
					"$(inherited)",
					"@executable_path/Frameworks",
				);
				MARKETING_VERSION = 1.0;
				PRODUCT_BUNDLE_IDENTIFIER = com.demo.keepcoding.DragonBallHeroes;
				PRODUCT_NAME = "$(TARGET_NAME)";
				SWIFT_EMIT_LOC_STRINGS = YES;
				SWIFT_VERSION = 5.0;
				TARGETED_DEVICE_FAMILY = "1,2";
			};
			name = Debug;
		};
		A303C1E02ABDA6D4007AC1A3 /* Release */ = {
			isa = XCBuildConfiguration;
			buildSettings = {
				ASSETCATALOG_COMPILER_APPICON_NAME = AppIcon;
				ASSETCATALOG_COMPILER_GLOBAL_ACCENT_COLOR_NAME = AccentColor;
				CODE_SIGN_STYLE = Automatic;
				CURRENT_PROJECT_VERSION = 1;
				DEVELOPMENT_TEAM = JZ6GNTPXDT;
				GENERATE_INFOPLIST_FILE = YES;
				INFOPLIST_FILE = DragonBallHeroes/Info.plist;
				INFOPLIST_KEY_UIApplicationSupportsIndirectInputEvents = YES;
				INFOPLIST_KEY_UILaunchStoryboardName = LaunchScreen;
				INFOPLIST_KEY_UISupportedInterfaceOrientations_iPad = "UIInterfaceOrientationPortrait UIInterfaceOrientationPortraitUpsideDown UIInterfaceOrientationLandscapeLeft UIInterfaceOrientationLandscapeRight";
				INFOPLIST_KEY_UISupportedInterfaceOrientations_iPhone = "UIInterfaceOrientationPortrait UIInterfaceOrientationLandscapeLeft UIInterfaceOrientationLandscapeRight";
				LD_RUNPATH_SEARCH_PATHS = (
					"$(inherited)",
					"@executable_path/Frameworks",
				);
				MARKETING_VERSION = 1.0;
				PRODUCT_BUNDLE_IDENTIFIER = com.demo.keepcoding.DragonBallHeroes;
				PRODUCT_NAME = "$(TARGET_NAME)";
				SWIFT_EMIT_LOC_STRINGS = YES;
				SWIFT_VERSION = 5.0;
				TARGETED_DEVICE_FAMILY = "1,2";
			};
			name = Release;
		};
		A303C1E22ABDA6D4007AC1A3 /* Debug */ = {
			isa = XCBuildConfiguration;
			buildSettings = {
				ALWAYS_EMBED_SWIFT_STANDARD_LIBRARIES = YES;
				BUNDLE_LOADER = "$(TEST_HOST)";
				CODE_SIGN_STYLE = Automatic;
				CURRENT_PROJECT_VERSION = 1;
				DEVELOPMENT_TEAM = JZ6GNTPXDT;
				GENERATE_INFOPLIST_FILE = YES;
				IPHONEOS_DEPLOYMENT_TARGET = 16.4;
				MARKETING_VERSION = 1.0;
				PRODUCT_BUNDLE_IDENTIFIER = com.demo.keepcoding.DragonBallHeroesTests;
				PRODUCT_NAME = "$(TARGET_NAME)";
				SWIFT_EMIT_LOC_STRINGS = NO;
				SWIFT_VERSION = 5.0;
				TARGETED_DEVICE_FAMILY = "1,2";
				TEST_HOST = "$(BUILT_PRODUCTS_DIR)/DragonBallHeroes.app/$(BUNDLE_EXECUTABLE_FOLDER_PATH)/DragonBallHeroes";
			};
			name = Debug;
		};
		A303C1E32ABDA6D4007AC1A3 /* Release */ = {
			isa = XCBuildConfiguration;
			buildSettings = {
				ALWAYS_EMBED_SWIFT_STANDARD_LIBRARIES = YES;
				BUNDLE_LOADER = "$(TEST_HOST)";
				CODE_SIGN_STYLE = Automatic;
				CURRENT_PROJECT_VERSION = 1;
				DEVELOPMENT_TEAM = JZ6GNTPXDT;
				GENERATE_INFOPLIST_FILE = YES;
				IPHONEOS_DEPLOYMENT_TARGET = 16.4;
				MARKETING_VERSION = 1.0;
				PRODUCT_BUNDLE_IDENTIFIER = com.demo.keepcoding.DragonBallHeroesTests;
				PRODUCT_NAME = "$(TARGET_NAME)";
				SWIFT_EMIT_LOC_STRINGS = NO;
				SWIFT_VERSION = 5.0;
				TARGETED_DEVICE_FAMILY = "1,2";
				TEST_HOST = "$(BUILT_PRODUCTS_DIR)/DragonBallHeroes.app/$(BUNDLE_EXECUTABLE_FOLDER_PATH)/DragonBallHeroes";
			};
			name = Release;
		};
		A303C1E52ABDA6D4007AC1A3 /* Debug */ = {
			isa = XCBuildConfiguration;
			buildSettings = {
				ALWAYS_EMBED_SWIFT_STANDARD_LIBRARIES = YES;
				CODE_SIGN_STYLE = Automatic;
				CURRENT_PROJECT_VERSION = 1;
				DEVELOPMENT_TEAM = JZ6GNTPXDT;
				GENERATE_INFOPLIST_FILE = YES;
				MARKETING_VERSION = 1.0;
				PRODUCT_BUNDLE_IDENTIFIER = com.demo.keepcoding.DragonBallHeroesUITests;
				PRODUCT_NAME = "$(TARGET_NAME)";
				SWIFT_EMIT_LOC_STRINGS = NO;
				SWIFT_VERSION = 5.0;
				TARGETED_DEVICE_FAMILY = "1,2";
				TEST_TARGET_NAME = DragonBallHeroes;
			};
			name = Debug;
		};
		A303C1E62ABDA6D4007AC1A3 /* Release */ = {
			isa = XCBuildConfiguration;
			buildSettings = {
				ALWAYS_EMBED_SWIFT_STANDARD_LIBRARIES = YES;
				CODE_SIGN_STYLE = Automatic;
				CURRENT_PROJECT_VERSION = 1;
				DEVELOPMENT_TEAM = JZ6GNTPXDT;
				GENERATE_INFOPLIST_FILE = YES;
				MARKETING_VERSION = 1.0;
				PRODUCT_BUNDLE_IDENTIFIER = com.demo.keepcoding.DragonBallHeroesUITests;
				PRODUCT_NAME = "$(TARGET_NAME)";
				SWIFT_EMIT_LOC_STRINGS = NO;
				SWIFT_VERSION = 5.0;
				TARGETED_DEVICE_FAMILY = "1,2";
				TEST_TARGET_NAME = DragonBallHeroes;
			};
			name = Release;
		};
/* End XCBuildConfiguration section */

/* Begin XCConfigurationList section */
		A303C1AF2ABDA6D3007AC1A3 /* Build configuration list for PBXProject "DragonBallHeroes" */ = {
			isa = XCConfigurationList;
			buildConfigurations = (
				A303C1DC2ABDA6D4007AC1A3 /* Debug */,
				A303C1DD2ABDA6D4007AC1A3 /* Release */,
			);
			defaultConfigurationIsVisible = 0;
			defaultConfigurationName = Release;
		};
		A303C1DE2ABDA6D4007AC1A3 /* Build configuration list for PBXNativeTarget "DragonBallHeroes" */ = {
			isa = XCConfigurationList;
			buildConfigurations = (
				A303C1DF2ABDA6D4007AC1A3 /* Debug */,
				A303C1E02ABDA6D4007AC1A3 /* Release */,
			);
			defaultConfigurationIsVisible = 0;
			defaultConfigurationName = Release;
		};
		A303C1E12ABDA6D4007AC1A3 /* Build configuration list for PBXNativeTarget "DragonBallHeroesTests" */ = {
			isa = XCConfigurationList;
			buildConfigurations = (
				A303C1E22ABDA6D4007AC1A3 /* Debug */,
				A303C1E32ABDA6D4007AC1A3 /* Release */,
			);
			defaultConfigurationIsVisible = 0;
			defaultConfigurationName = Release;
		};
		A303C1E42ABDA6D4007AC1A3 /* Build configuration list for PBXNativeTarget "DragonBallHeroesUITests" */ = {
			isa = XCConfigurationList;
			buildConfigurations = (
				A303C1E52ABDA6D4007AC1A3 /* Debug */,
				A303C1E62ABDA6D4007AC1A3 /* Release */,
			);
			defaultConfigurationIsVisible = 0;
			defaultConfigurationName = Release;
		};
/* End XCConfigurationList section */
	};
	rootObject = A303C1AC2ABDA6D3007AC1A3 /* Project object */;
}
